
Microsoft Visual Studio Solution File, Format Version 12.00
# Visual Studio Version 16
VisualStudioVersion = 16.0.30517.126
MinimumVisualStudioVersion = 10.0.40219.1
Project("{8BC9CEB8-8B4A-11D0-8D11-00A0C91BC942}") = "Peregruzka_FInal", "Peregruzka_FInal\Peregruzka_FInal.vcxproj", "{DCBCB11F-9814-4DE2-8D37-A48EEC8108D3}"
EndProject
Project("{8BC9CEB8-8B4A-11D0-8D11-00A0C91BC942}") = "Project1", "Project1\Project1.vcxproj", "{776CAD42-01B4-4464-90AD-8360CBCE6FE7}"
EndProject
Global
	GlobalSection(SolutionConfigurationPlatforms) = preSolution
		Debug|x64 = Debug|x64
		Debug|x86 = Debug|x86
		Release|x64 = Release|x64
		Release|x86 = Release|x86
	EndGlobalSection
	GlobalSection(ProjectConfigurationPlatforms) = postSolution
		{DCBCB11F-9814-4DE2-8D37-A48EEC8108D3}.Debug|x64.ActiveCfg = Debug|x64
		{DCBCB11F-9814-4DE2-8D37-A48EEC8108D3}.Debug|x64.Build.0 = Debug|x64
		{DCBCB11F-9814-4DE2-8D37-A48EEC8108D3}.Debug|x86.ActiveCfg = Debug|Win32
		{DCBCB11F-9814-4DE2-8D37-A48EEC8108D3}.Debug|x86.Build.0 = Debug|Win32
		{DCBCB11F-9814-4DE2-8D37-A48EEC8108D3}.Release|x64.ActiveCfg = Release|x64
		{DCBCB11F-9814-4DE2-8D37-A48EEC8108D3}.Release|x64.Build.0 = Release|x64
		{DCBCB11F-9814-4DE2-8D37-A48EEC8108D3}.Release|x86.ActiveCfg = Release|Win32
		{DCBCB11F-9814-4DE2-8D37-A48EEC8108D3}.Release|x86.Build.0 = Release|Win32
		{776CAD42-01B4-4464-90AD-8360CBCE6FE7}.Debug|x64.ActiveCfg = Debug|x64
		{776CAD42-01B4-4464-90AD-8360CBCE6FE7}.Debug|x64.Build.0 = Debug|x64
		{776CAD42-01B4-4464-90AD-8360CBCE6FE7}.Debug|x86.ActiveCfg = Debug|Win32
		{776CAD42-01B4-4464-90AD-8360CBCE6FE7}.Debug|x86.Build.0 = Debug|Win32
		{776CAD42-01B4-4464-90AD-8360CBCE6FE7}.Release|x64.ActiveCfg = Release|x64
		{776CAD42-01B4-4464-90AD-8360CBCE6FE7}.Release|x64.Build.0 = Release|x64
		{776CAD42-01B4-4464-90AD-8360CBCE6FE7}.Release|x86.ActiveCfg = Release|Win32
		{776CAD42-01B4-4464-90AD-8360CBCE6FE7}.Release|x86.Build.0 = Release|Win32
	EndGlobalSection
	GlobalSection(SolutionProperties) = preSolution
		HideSolutionNode = FALSE
	EndGlobalSection
	GlobalSection(ExtensibilityGlobals) = postSolution
		SolutionGuid = {E828473D-C5D6-4F8F-BD31-DB74815AF854}
	EndGlobalSection
EndGlobal
